
Microsoft Visual Studio Solution File, Format Version 12.00
# Visual Studio Version 17
VisualStudioVersion = 17.8.34408.163
MinimumVisualStudioVersion = 10.0.40219.1
Project("{9A19103F-16F7-4668-BE54-9A1E7A4F7556}") = "EasyReasy.KnowledgeBase", "EasyReasy.KnowledgeBase\EasyReasy.KnowledgeBase.csproj", "{CB6890A3-EB44-4E34-9CD2-FE606DE4134F}"
EndProject
Project("{9A19103F-16F7-4668-BE54-9A1E7A4F7556}") = "EasyReasy.KnowledgeBase.BertTokenization", "EasyReasy.KnowledgeBase.BertTokenization\EasyReasy.KnowledgeBase.BertTokenization.csproj", "{A1B2C3D4-E5F6-7890-ABCD-EF1234567890}"
EndProject
Project("{9A19103F-16F7-4668-BE54-9A1E7A4F7556}") = "EasyReasy.KnowledgeBase.BertTokenization.Tests", "EasyReasy.KnowledgeBase.BertTokenization.Tests\EasyReasy.KnowledgeBase.BertTokenization.Tests.csproj", "{7C073592-CAA5-4EEF-A6EC-1083A170C062}"
EndProject
Project("{9A19103F-16F7-4668-BE54-9A1E7A4F7556}") = "EasyReasy.KnowledgeBase.OllamaGeneration", "EasyReasy.KnowledgeBase.OllamaGeneration\EasyReasy.KnowledgeBase.OllamaGeneration.csproj", "{83334D5D-0848-46CC-BD59-DEBA74111D0F}"
EndProject
Project("{9A19103F-16F7-4668-BE54-9A1E7A4F7556}") = "EasyReasy.KnowledgeBase.OllamaGeneration.Tests", "EasyReasy.KnowledgeBase.OllamaGeneration.Tests\EasyReasy.KnowledgeBase.OllamaGeneration.Tests.csproj", "{48805015-72C2-42BB-8885-7D5E84DB79C4}"
EndProject
Project("{9A19103F-16F7-4668-BE54-9A1E7A4F7556}") = "EasyReasy.KnowledgeBase.Storage.IntegratedVectorStore", "EasyReasy.KnowledgeBase.Storage.IntegratedVectorStore\EasyReasy.KnowledgeBase.Storage.IntegratedVectorStore.csproj", "{7AB9A772-5074-4081-BE1A-F2BEB588BDEC}"
EndProject
Project("{9A19103F-16F7-4668-BE54-9A1E7A4F7556}") = "EasyReasy.KnowledgeBase.Storage.Sqlite", "EasyReasy.KnowledgeBase.Storage.Sqlite\EasyReasy.KnowledgeBase.Storage.Sqlite.csproj", "{04B5A8E4-0064-4D31-8B8E-9D364EAE8463}"
EndProject
Project("{9A19103F-16F7-4668-BE54-9A1E7A4F7556}") = "EasyReasy.KnowledgeBase.Storage.Sqlite.Tests", "EasyReasy.KnowledgeBase.Storage.Sqlite.Tests\EasyReasy.KnowledgeBase.Storage.Sqlite.Tests.csproj", "{6BB951F8-1E1B-45E7-BAFF-15F3CB97EBFF}"
EndProject
Project("{9A19103F-16F7-4668-BE54-9A1E7A4F7556}") = "EasyReasy.KnowledgeBase.Tests", "EasyReasy.KnowledgeBase.Tests\EasyReasy.KnowledgeBase.Tests.csproj", "{D44FBA7F-2F40-4C2A-99C5-7550F1895C4C}"
EndProject
Project("{9A19103F-16F7-4668-BE54-9A1E7A4F7556}") = "EasyReasy.KnowledgeBase.Web.Server", "EasyReasy.KnowledgeBase.Web\EasyReasy.KnowledgeBase.Web.Server\EasyReasy.KnowledgeBase.Web.Server.csproj", "{D824CDD7-BFDD-413A-BDFF-A9699991D7BF}"
EndProject
Project("{54A90642-561A-4BB1-A94E-469ADEE60C69}") = "easyreasy.knowledgebase.web.client", "EasyReasy.KnowledgeBase.Web\easyreasy.knowledgebase.web.client\easyreasy.knowledgebase.web.client.esproj", "{4F92D367-6618-4B57-B8D0-81F112BD79AC}"
EndProject
Project("{FAE04EC0-301F-11D3-BF4B-00C04F79EFBC}") = "EasyReasy.KnowledgeBase.Storage.Postgres", "EasyReasy.KnowledgeBase.Storage.Postgres\EasyReasy.KnowledgeBase.Storage.Postgres.csproj", "{451C27B9-018C-49FD-99E0-8390B747F455}"
EndProject
Project("{FAE04EC0-301F-11D3-BF4B-00C04F79EFBC}") = "EasyReasy.KnowledgeBase.Storage.Postgres.Tests", "EasyReasy.KnowledgeBase.Storage.Postgres.Tests\EasyReasy.KnowledgeBase.Storage.Postgres.Tests.csproj", "{3A5CC391-58BE-45FE-8FF3-481F0F7B9679}"
EndProject
Global
	GlobalSection(SolutionConfigurationPlatforms) = preSolution
		Debug|Any CPU = Debug|Any CPU
		Release|Any CPU = Release|Any CPU
	EndGlobalSection
	GlobalSection(ProjectConfigurationPlatforms) = postSolution
		{CB6890A3-EB44-4E34-9CD2-FE606DE4134F}.Debug|Any CPU.ActiveCfg = Debug|Any CPU
		{CB6890A3-EB44-4E34-9CD2-FE606DE4134F}.Debug|Any CPU.Build.0 = Debug|Any CPU
		{CB6890A3-EB44-4E34-9CD2-FE606DE4134F}.Release|Any CPU.ActiveCfg = Release|Any CPU
		{CB6890A3-EB44-4E34-9CD2-FE606DE4134F}.Release|Any CPU.Build.0 = Release|Any CPU
		{A1B2C3D4-E5F6-7890-ABCD-EF1234567890}.Debug|Any CPU.ActiveCfg = Debug|Any CPU
		{A1B2C3D4-E5F6-7890-ABCD-EF1234567890}.Debug|Any CPU.Build.0 = Debug|Any CPU
		{A1B2C3D4-E5F6-7890-ABCD-EF1234567890}.Release|Any CPU.ActiveCfg = Release|Any CPU
		{A1B2C3D4-E5F6-7890-ABCD-EF1234567890}.Release|Any CPU.Build.0 = Release|Any CPU
		{7C073592-CAA5-4EEF-A6EC-1083A170C062}.Debug|Any CPU.ActiveCfg = Debug|Any CPU
		{7C073592-CAA5-4EEF-A6EC-1083A170C062}.Debug|Any CPU.Build.0 = Debug|Any CPU
		{7C073592-CAA5-4EEF-A6EC-1083A170C062}.Release|Any CPU.ActiveCfg = Release|Any CPU
		{7C073592-CAA5-4EEF-A6EC-1083A170C062}.Release|Any CPU.Build.0 = Release|Any CPU
		{83334D5D-0848-46CC-BD59-DEBA74111D0F}.Debug|Any CPU.ActiveCfg = Debug|Any CPU
		{83334D5D-0848-46CC-BD59-DEBA74111D0F}.Debug|Any CPU.Build.0 = Debug|Any CPU
		{83334D5D-0848-46CC-BD59-DEBA74111D0F}.Release|Any CPU.ActiveCfg = Release|Any CPU
		{83334D5D-0848-46CC-BD59-DEBA74111D0F}.Release|Any CPU.Build.0 = Release|Any CPU
		{48805015-72C2-42BB-8885-7D5E84DB79C4}.Debug|Any CPU.ActiveCfg = Debug|Any CPU
		{48805015-72C2-42BB-8885-7D5E84DB79C4}.Debug|Any CPU.Build.0 = Debug|Any CPU
		{48805015-72C2-42BB-8885-7D5E84DB79C4}.Release|Any CPU.ActiveCfg = Release|Any CPU
		{48805015-72C2-42BB-8885-7D5E84DB79C4}.Release|Any CPU.Build.0 = Release|Any CPU
		{7AB9A772-5074-4081-BE1A-F2BEB588BDEC}.Debug|Any CPU.ActiveCfg = Debug|Any CPU
		{7AB9A772-5074-4081-BE1A-F2BEB588BDEC}.Debug|Any CPU.Build.0 = Debug|Any CPU
		{7AB9A772-5074-4081-BE1A-F2BEB588BDEC}.Release|Any CPU.ActiveCfg = Release|Any CPU
		{7AB9A772-5074-4081-BE1A-F2BEB588BDEC}.Release|Any CPU.Build.0 = Release|Any CPU
		{04B5A8E4-0064-4D31-8B8E-9D364EAE8463}.Debug|Any CPU.ActiveCfg = Debug|Any CPU
		{04B5A8E4-0064-4D31-8B8E-9D364EAE8463}.Debug|Any CPU.Build.0 = Debug|Any CPU
		{04B5A8E4-0064-4D31-8B8E-9D364EAE8463}.Release|Any CPU.ActiveCfg = Release|Any CPU
		{04B5A8E4-0064-4D31-8B8E-9D364EAE8463}.Release|Any CPU.Build.0 = Release|Any CPU
		{6BB951F8-1E1B-45E7-BAFF-15F3CB97EBFF}.Debug|Any CPU.ActiveCfg = Debug|Any CPU
		{6BB951F8-1E1B-45E7-BAFF-15F3CB97EBFF}.Debug|Any CPU.Build.0 = Debug|Any CPU
		{6BB951F8-1E1B-45E7-BAFF-15F3CB97EBFF}.Release|Any CPU.ActiveCfg = Release|Any CPU
		{6BB951F8-1E1B-45E7-BAFF-15F3CB97EBFF}.Release|Any CPU.Build.0 = Release|Any CPU
		{D44FBA7F-2F40-4C2A-99C5-7550F1895C4C}.Debug|Any CPU.ActiveCfg = Debug|Any CPU
		{D44FBA7F-2F40-4C2A-99C5-7550F1895C4C}.Debug|Any CPU.Build.0 = Debug|Any CPU
		{D44FBA7F-2F40-4C2A-99C5-7550F1895C4C}.Release|Any CPU.ActiveCfg = Release|Any CPU
		{D44FBA7F-2F40-4C2A-99C5-7550F1895C4C}.Release|Any CPU.Build.0 = Release|Any CPU
		{D824CDD7-BFDD-413A-BDFF-A9699991D7BF}.Debug|Any CPU.ActiveCfg = Debug|Any CPU
		{D824CDD7-BFDD-413A-BDFF-A9699991D7BF}.Debug|Any CPU.Build.0 = Debug|Any CPU
		{D824CDD7-BFDD-413A-BDFF-A9699991D7BF}.Release|Any CPU.ActiveCfg = Release|Any CPU
		{D824CDD7-BFDD-413A-BDFF-A9699991D7BF}.Release|Any CPU.Build.0 = Release|Any CPU
		{4F92D367-6618-4B57-B8D0-81F112BD79AC}.Debug|Any CPU.ActiveCfg = Debug|Any CPU
		{4F92D367-6618-4B57-B8D0-81F112BD79AC}.Debug|Any CPU.Build.0 = Debug|Any CPU
		{4F92D367-6618-4B57-B8D0-81F112BD79AC}.Debug|Any CPU.Deploy.0 = Debug|Any CPU
		{4F92D367-6618-4B57-B8D0-81F112BD79AC}.Release|Any CPU.ActiveCfg = Release|Any CPU
		{4F92D367-6618-4B57-B8D0-81F112BD79AC}.Release|Any CPU.Build.0 = Release|Any CPU
		{4F92D367-6618-4B57-B8D0-81F112BD79AC}.Release|Any CPU.Deploy.0 = Release|Any CPU
		{451C27B9-018C-49FD-99E0-8390B747F455}.Debug|Any CPU.ActiveCfg = Debug|Any CPU
		{451C27B9-018C-49FD-99E0-8390B747F455}.Debug|Any CPU.Build.0 = Debug|Any CPU
		{451C27B9-018C-49FD-99E0-8390B747F455}.Release|Any CPU.ActiveCfg = Release|Any CPU
		{451C27B9-018C-49FD-99E0-8390B747F455}.Release|Any CPU.Build.0 = Release|Any CPU
		{3A5CC391-58BE-45FE-8FF3-481F0F7B9679}.Debug|Any CPU.ActiveCfg = Debug|Any CPU
		{3A5CC391-58BE-45FE-8FF3-481F0F7B9679}.Debug|Any CPU.Build.0 = Debug|Any CPU
		{3A5CC391-58BE-45FE-8FF3-481F0F7B9679}.Release|Any CPU.ActiveCfg = Release|Any CPU
		{3A5CC391-58BE-45FE-8FF3-481F0F7B9679}.Release|Any CPU.Build.0 = Release|Any CPU
	EndGlobalSection
	GlobalSection(SolutionProperties) = preSolution
		HideSolutionNode = FALSE
	EndGlobalSection
	GlobalSection(ExtensibilityGlobals) = postSolution
		SolutionGuid = {2BACFA32-C316-49FF-BF3A-50D1572EA194}
	EndGlobalSection
EndGlobal
